
Microsoft Visual Studio Solution File, Format Version 12.00
# Visual Studio 2013
VisualStudioVersion = 12.0.21005.1
MinimumVisualStudioVersion = 10.0.40219.1
Project("{FAE04EC0-301F-11D3-BF4B-00C04F79EFBC}") = "ZXJCService", "ZXJCService\ZXJCService.csproj", "{37367D2C-354F-4148-A08F-30A15BE483E2}"
EndProject
Project("{FAE04EC0-301F-11D3-BF4B-00C04F79EFBC}") = "WcfServiceZXJC", "WcfServiceZXJC\WcfServiceZXJC.csproj", "{3032EC13-E035-48CD-9863-9EE2FB7EE43A}"
EndProject
Project("{FAE04EC0-301F-11D3-BF4B-00C04F79EFBC}") = "TestForms", "TestForms\TestForms.csproj", "{38530CE1-A2B8-4F04-8AC1-97DBCFEFCE82}"
EndProject
Global
	GlobalSection(SolutionConfigurationPlatforms) = preSolution
		Debug|Any CPU = Debug|Any CPU
		Release|Any CPU = Release|Any CPU
	EndGlobalSection
	GlobalSection(ProjectConfigurationPlatforms) = postSolution
		{37367D2C-354F-4148-A08F-30A15BE483E2}.Debug|Any CPU.ActiveCfg = Debug|Any CPU
		{37367D2C-354F-4148-A08F-30A15BE483E2}.Debug|Any CPU.Build.0 = Debug|Any CPU
		{37367D2C-354F-4148-A08F-30A15BE483E2}.Release|Any CPU.ActiveCfg = Release|Any CPU
		{37367D2C-354F-4148-A08F-30A15BE483E2}.Release|Any CPU.Build.0 = Release|Any CPU
		{3032EC13-E035-48CD-9863-9EE2FB7EE43A}.Debug|Any CPU.ActiveCfg = Debug|Any CPU
		{3032EC13-E035-48CD-9863-9EE2FB7EE43A}.Debug|Any CPU.Build.0 = Debug|Any CPU
		{3032EC13-E035-48CD-9863-9EE2FB7EE43A}.Release|Any CPU.ActiveCfg = Release|Any CPU
		{3032EC13-E035-48CD-9863-9EE2FB7EE43A}.Release|Any CPU.Build.0 = Release|Any CPU
		{38530CE1-A2B8-4F04-8AC1-97DBCFEFCE82}.Debug|Any CPU.ActiveCfg = Debug|Any CPU
		{38530CE1-A2B8-4F04-8AC1-97DBCFEFCE82}.Debug|Any CPU.Build.0 = Debug|Any CPU
		{38530CE1-A2B8-4F04-8AC1-97DBCFEFCE82}.Release|Any CPU.ActiveCfg = Release|Any CPU
		{38530CE1-A2B8-4F04-8AC1-97DBCFEFCE82}.Release|Any CPU.Build.0 = Release|Any CPU
	EndGlobalSection
	GlobalSection(SolutionProperties) = preSolution
		HideSolutionNode = FALSE
	EndGlobalSection
EndGlobal
